
Microsoft Visual Studio Solution File, Format Version 12.00
# Visual Studio Version 17
VisualStudioVersion = 17.13.35919.96 d17.13
MinimumVisualStudioVersion = 10.0.40219.1
Project("{FAE04EC0-301F-11D3-BF4B-00C04F79EFBC}") = "SnipCrate.Base", "SnipCrate.Base\SnipCrate.Base.csproj", "{34C7FD2F-7059-42B8-8370-53C1FDBAEA15}"
EndProject
Global
	GlobalSection(SolutionConfigurationPlatforms) = preSolution
		Debug|Any CPU = Debug|Any CPU
		Release|Any CPU = Release|Any CPU
	EndGlobalSection
	GlobalSection(ProjectConfigurationPlatforms) = postSolution
		{34C7FD2F-7059-42B8-8370-53C1FDBAEA15}.Debug|Any CPU.ActiveCfg = Debug|Any CPU
		{34C7FD2F-7059-42B8-8370-53C1FDBAEA15}.Debug|Any CPU.Build.0 = Debug|Any CPU
		{34C7FD2F-7059-42B8-8370-53C1FDBAEA15}.Release|Any CPU.ActiveCfg = Release|Any CPU
		{34C7FD2F-7059-42B8-8370-53C1FDBAEA15}.Release|Any CPU.Build.0 = Release|Any CPU
	EndGlobalSection
	GlobalSection(SolutionProperties) = preSolution
		HideSolutionNode = FALSE
	EndGlobalSection
	GlobalSection(ExtensibilityGlobals) = postSolution
		SolutionGuid = {FE02BB3B-01E6-4A69-B2BD-D5DFCDB105A4}
	EndGlobalSection
EndGlobal
